// !$*UTF8*$!
{
	archiveVersion = 1;
	classes = {
	};
	objectVersion = 56;
	objects = {

/* Begin PBXBuildFile section */
		C9AC15282C9B18B3008EA485 /* AppDelegate.swift in Sources */ = {isa = PBXBuildFile; fileRef = C9AC15272C9B18B3008EA485 /* AppDelegate.swift */; };
		C9AC152A2C9B18B3008EA485 /* SceneDelegate.swift in Sources */ = {isa = PBXBuildFile; fileRef = C9AC15292C9B18B3008EA485 /* SceneDelegate.swift */; };
		C9AC152C2C9B18B3008EA485 /* ViewController.swift in Sources */ = {isa = PBXBuildFile; fileRef = C9AC152B2C9B18B3008EA485 /* ViewController.swift */; };
		C9AC152F2C9B18B3008EA485 /* Base in Resources */ = {isa = PBXBuildFile; fileRef = C9AC152E2C9B18B3008EA485 /* Base */; };
		C9AC15312C9B18B5008EA485 /* Assets.xcassets in Resources */ = {isa = PBXBuildFile; fileRef = C9AC15302C9B18B5008EA485 /* Assets.xcassets */; };
		C9AC15342C9B18B5008EA485 /* Base in Resources */ = {isa = PBXBuildFile; fileRef = C9AC15332C9B18B5008EA485 /* Base */; };
		C9AC153C2C9B192E008EA485 /* Employee.swift in Sources */ = {isa = PBXBuildFile; fileRef = C9AC153B2C9B192E008EA485 /* Employee.swift */; };
		C9AC153E2C9B1B37008EA485 /* ApiManager.swift in Sources */ = {isa = PBXBuildFile; fileRef = C9AC153D2C9B1B37008EA485 /* ApiManager.swift */; };
		C9AC15402C9B1FC1008EA485 /* Constants.swift in Sources */ = {isa = PBXBuildFile; fileRef = C9AC153F2C9B1FC1008EA485 /* Constants.swift */; };
		C9AC15422C9B2022008EA485 /* EmployeeViewModel.swift in Sources */ = {isa = PBXBuildFile; fileRef = C9AC15412C9B2022008EA485 /* EmployeeViewModel.swift */; };
		C9AC15452C9B2305008EA485 /* EmployeeCell.swift in Sources */ = {isa = PBXBuildFile; fileRef = C9AC15432C9B2305008EA485 /* EmployeeCell.swift */; };
		C9AC15462C9B2305008EA485 /* EmployeeCell.xib in Resources */ = {isa = PBXBuildFile; fileRef = C9AC15442C9B2305008EA485 /* EmployeeCell.xib */; };
		C9AC15482C9B2A49008EA485 /* DetailScreenVC.swift in Sources */ = {isa = PBXBuildFile; fileRef = C9AC15472C9B2A49008EA485 /* DetailScreenVC.swift */; };
		C9AC154B2C9B2B51008EA485 /* EmployeeDetailCell.swift in Sources */ = {isa = PBXBuildFile; fileRef = C9AC15492C9B2B51008EA485 /* EmployeeDetailCell.swift */; };
		C9AC154C2C9B2B51008EA485 /* EmployeeDetailCell.xib in Resources */ = {isa = PBXBuildFile; fileRef = C9AC154A2C9B2B51008EA485 /* EmployeeDetailCell.xib */; };
		C9AC154E2C9B2D2C008EA485 /* EmployeeDetailViewModel.swift in Sources */ = {isa = PBXBuildFile; fileRef = C9AC154D2C9B2D2C008EA485 /* EmployeeDetailViewModel.swift */; };
		C9AC15502C9B427B008EA485 /* ProgrammaticDetailCell.swift in Sources */ = {isa = PBXBuildFile; fileRef = C9AC154F2C9B427B008EA485 /* ProgrammaticDetailCell.swift */; };
/* End PBXBuildFile section */

/* Begin PBXFileReference section */
		C9AC15242C9B18B3008EA485 /* EmployeeDisplayApp.app */ = {isa = PBXFileReference; explicitFileType = wrapper.application; includeInIndex = 0; path = EmployeeDisplayApp.app; sourceTree = BUILT_PRODUCTS_DIR; };
		C9AC15272C9B18B3008EA485 /* AppDelegate.swift */ = {isa = PBXFileReference; lastKnownFileType = sourcecode.swift; path = AppDelegate.swift; sourceTree = "<group>"; };
		C9AC15292C9B18B3008EA485 /* SceneDelegate.swift */ = {isa = PBXFileReference; lastKnownFileType = sourcecode.swift; path = SceneDelegate.swift; sourceTree = "<group>"; };
		C9AC152B2C9B18B3008EA485 /* ViewController.swift */ = {isa = PBXFileReference; lastKnownFileType = sourcecode.swift; path = ViewController.swift; sourceTree = "<group>"; };
		C9AC152E2C9B18B3008EA485 /* Base */ = {isa = PBXFileReference; lastKnownFileType = file.storyboard; name = Base; path = Base.lproj/Main.storyboard; sourceTree = "<group>"; };
		C9AC15302C9B18B5008EA485 /* Assets.xcassets */ = {isa = PBXFileReference; lastKnownFileType = folder.assetcatalog; path = Assets.xcassets; sourceTree = "<group>"; };
		C9AC15332C9B18B5008EA485 /* Base */ = {isa = PBXFileReference; lastKnownFileType = file.storyboard; name = Base; path = Base.lproj/LaunchScreen.storyboard; sourceTree = "<group>"; };
		C9AC15352C9B18B5008EA485 /* Info.plist */ = {isa = PBXFileReference; lastKnownFileType = text.plist.xml; path = Info.plist; sourceTree = "<group>"; };
		C9AC153B2C9B192E008EA485 /* Employee.swift */ = {isa = PBXFileReference; lastKnownFileType = sourcecode.swift; path = Employee.swift; sourceTree = "<group>"; };
		C9AC153D2C9B1B37008EA485 /* ApiManager.swift */ = {isa = PBXFileReference; lastKnownFileType = sourcecode.swift; path = ApiManager.swift; sourceTree = "<group>"; };
		C9AC153F2C9B1FC1008EA485 /* Constants.swift */ = {isa = PBXFileReference; lastKnownFileType = sourcecode.swift; path = Constants.swift; sourceTree = "<group>"; };
		C9AC15412C9B2022008EA485 /* EmployeeViewModel.swift */ = {isa = PBXFileReference; lastKnownFileType = sourcecode.swift; path = EmployeeViewModel.swift; sourceTree = "<group>"; };
		C9AC15432C9B2305008EA485 /* EmployeeCell.swift */ = {isa = PBXFileReference; lastKnownFileType = sourcecode.swift; path = EmployeeCell.swift; sourceTree = "<group>"; };
		C9AC15442C9B2305008EA485 /* EmployeeCell.xib */ = {isa = PBXFileReference; lastKnownFileType = file.xib; path = EmployeeCell.xib; sourceTree = "<group>"; };
		C9AC15472C9B2A49008EA485 /* DetailScreenVC.swift */ = {isa = PBXFileReference; lastKnownFileType = sourcecode.swift; path = DetailScreenVC.swift; sourceTree = "<group>"; };
		C9AC15492C9B2B51008EA485 /* EmployeeDetailCell.swift */ = {isa = PBXFileReference; lastKnownFileType = sourcecode.swift; path = EmployeeDetailCell.swift; sourceTree = "<group>"; };
		C9AC154A2C9B2B51008EA485 /* EmployeeDetailCell.xib */ = {isa = PBXFileReference; lastKnownFileType = file.xib; path = EmployeeDetailCell.xib; sourceTree = "<group>"; };
		C9AC154D2C9B2D2C008EA485 /* EmployeeDetailViewModel.swift */ = {isa = PBXFileReference; lastKnownFileType = sourcecode.swift; path = EmployeeDetailViewModel.swift; sourceTree = "<group>"; };
		C9AC154F2C9B427B008EA485 /* ProgrammaticDetailCell.swift */ = {isa = PBXFileReference; lastKnownFileType = sourcecode.swift; path = ProgrammaticDetailCell.swift; sourceTree = "<group>"; };
/* End PBXFileReference section */

/* Begin PBXFrameworksBuildPhase section */
		C9AC15212C9B18B3008EA485 /* Frameworks */ = {
			isa = PBXFrameworksBuildPhase;
			buildActionMask = 2147483647;
			files = (
			);
			runOnlyForDeploymentPostprocessing = 0;
		};
/* End PBXFrameworksBuildPhase section */

/* Begin PBXGroup section */
		C9105F902C9BFA41007777D5 /* Models */ = {
			isa = PBXGroup;
			children = (
				C9AC153B2C9B192E008EA485 /* Employee.swift */,
			);
			path = Models;
			sourceTree = "<group>";
		};
		C9105F912C9BFA6E007777D5 /* ViewModels */ = {
			isa = PBXGroup;
			children = (
				C9AC15412C9B2022008EA485 /* EmployeeViewModel.swift */,
				C9AC154D2C9B2D2C008EA485 /* EmployeeDetailViewModel.swift */,
			);
			path = ViewModels;
			sourceTree = "<group>";
		};
		C9105F932C9BFAA0007777D5 /* Views */ = {
			isa = PBXGroup;
			children = (
				C9AC15492C9B2B51008EA485 /* EmployeeDetailCell.swift */,
				C9AC154F2C9B427B008EA485 /* ProgrammaticDetailCell.swift */,
				C9AC15442C9B2305008EA485 /* EmployeeCell.xib */,
				C9AC152D2C9B18B3008EA485 /* Main.storyboard */,
				C9AC15432C9B2305008EA485 /* EmployeeCell.swift */,
				C9AC154A2C9B2B51008EA485 /* EmployeeDetailCell.xib */,
				C9AC152B2C9B18B3008EA485 /* ViewController.swift */,
			);
			path = Views;
			sourceTree = "<group>";
		};
		C9105F942C9BFACF007777D5 /* Constants */ = {
			isa = PBXGroup;
			children = (
				C9AC153F2C9B1FC1008EA485 /* Constants.swift */,
			);
			path = Constants;
			sourceTree = "<group>";
		};
		C9105F962C9BFAFB007777D5 /* Services */ = {
			isa = PBXGroup;
			children = (
				C9AC153D2C9B1B37008EA485 /* ApiManager.swift */,
			);
			path = Services;
			sourceTree = "<group>";
		};
		C9AC151B2C9B18B3008EA485 = {
			isa = PBXGroup;
			children = (
				C9AC15262C9B18B3008EA485 /* EmployeeDisplayApp */,
				C9AC15252C9B18B3008EA485 /* Products */,
			);
			sourceTree = "<group>";
		};
		C9AC15252C9B18B3008EA485 /* Products */ = {
			isa = PBXGroup;
			children = (
				C9AC15242C9B18B3008EA485 /* EmployeeDisplayApp.app */,
			);
			name = Products;
			sourceTree = "<group>";
		};
		C9AC15262C9B18B3008EA485 /* EmployeeDisplayApp */ = {
			isa = PBXGroup;
			children = (
				C9AC15272C9B18B3008EA485 /* AppDelegate.swift */,
				C9AC15472C9B2A49008EA485 /* DetailScreenVC.swift */,
				C9AC15292C9B18B3008EA485 /* SceneDelegate.swift */,
				C9105F932C9BFAA0007777D5 /* Views */,
				C9105F912C9BFA6E007777D5 /* ViewModels */,
				C9105F902C9BFA41007777D5 /* Models */,
				C9105F962C9BFAFB007777D5 /* Services */,
				C9105F942C9BFACF007777D5 /* Constants */,
				C9AC15302C9B18B5008EA485 /* Assets.xcassets */,
				C9AC15322C9B18B5008EA485 /* LaunchScreen.storyboard */,
				C9AC15352C9B18B5008EA485 /* Info.plist */,
			);
			path = EmployeeDisplayApp;
			sourceTree = "<group>";
		};
/* End PBXGroup section */

/* Begin PBXNativeTarget section */
		C9AC15232C9B18B3008EA485 /* EmployeeDisplayApp */ = {
			isa = PBXNativeTarget;
			buildConfigurationList = C9AC15382C9B18B5008EA485 /* Build configuration list for PBXNativeTarget "EmployeeDisplayApp" */;
			buildPhases = (
				C9AC15202C9B18B3008EA485 /* Sources */,
				C9AC15212C9B18B3008EA485 /* Frameworks */,
				C9AC15222C9B18B3008EA485 /* Resources */,
			);
			buildRules = (
			);
			dependencies = (
			);
			name = EmployeeDisplayApp;
			productName = EmployeeDisplayApp;
			productReference = C9AC15242C9B18B3008EA485 /* EmployeeDisplayApp.app */;
			productType = "com.apple.product-type.application";
		};
/* End PBXNativeTarget section */

/* Begin PBXProject section */
		C9AC151C2C9B18B3008EA485 /* Project object */ = {
			isa = PBXProject;
			attributes = {
				BuildIndependentTargetsInParallel = 1;
				LastSwiftUpdateCheck = 1540;
				LastUpgradeCheck = 1540;
				TargetAttributes = {
					C9AC15232C9B18B3008EA485 = {
						CreatedOnToolsVersion = 15.4;
					};
				};
			};
			buildConfigurationList = C9AC151F2C9B18B3008EA485 /* Build configuration list for PBXProject "EmployeeDisplayApp" */;
			compatibilityVersion = "Xcode 14.0";
			developmentRegion = en;
			hasScannedForEncodings = 0;
			knownRegions = (
				en,
				Base,
			);
			mainGroup = C9AC151B2C9B18B3008EA485;
			productRefGroup = C9AC15252C9B18B3008EA485 /* Products */;
			projectDirPath = "";
			projectRoot = "";
			targets = (
				C9AC15232C9B18B3008EA485 /* EmployeeDisplayApp */,
			);
		};
/* End PBXProject section */

/* Begin PBXResourcesBuildPhase section */
		C9AC15222C9B18B3008EA485 /* Resources */ = {
			isa = PBXResourcesBuildPhase;
			buildActionMask = 2147483647;
			files = (
				C9AC154C2C9B2B51008EA485 /* EmployeeDetailCell.xib in Resources */,
				C9AC15312C9B18B5008EA485 /* Assets.xcassets in Resources */,
				C9AC15462C9B2305008EA485 /* EmployeeCell.xib in Resources */,
				C9AC15342C9B18B5008EA485 /* Base in Resources */,
				C9AC152F2C9B18B3008EA485 /* Base in Resources */,
			);
			runOnlyForDeploymentPostprocessing = 0;
		};
/* End PBXResourcesBuildPhase section */

/* Begin PBXSourcesBuildPhase section */
		C9AC15202C9B18B3008EA485 /* Sources */ = {
			isa = PBXSourcesBuildPhase;
			buildActionMask = 2147483647;
			files = (
				C9AC15502C9B427B008EA485 /* ProgrammaticDetailCell.swift in Sources */,
				C9AC152C2C9B18B3008EA485 /* ViewController.swift in Sources */,
				C9AC153C2C9B192E008EA485 /* Employee.swift in Sources */,
				C9AC15482C9B2A49008EA485 /* DetailScreenVC.swift in Sources */,
				C9AC15422C9B2022008EA485 /* EmployeeViewModel.swift in Sources */,
				C9AC154B2C9B2B51008EA485 /* EmployeeDetailCell.swift in Sources */,
				C9AC153E2C9B1B37008EA485 /* ApiManager.swift in Sources */,
				C9AC154E2C9B2D2C008EA485 /* EmployeeDetailViewModel.swift in Sources */,
				C9AC15282C9B18B3008EA485 /* AppDelegate.swift in Sources */,
				C9AC15452C9B2305008EA485 /* EmployeeCell.swift in Sources */,
				C9AC152A2C9B18B3008EA485 /* SceneDelegate.swift in Sources */,
				C9AC15402C9B1FC1008EA485 /* Constants.swift in Sources */,
			);
			runOnlyForDeploymentPostprocessing = 0;
		};
/* End PBXSourcesBuildPhase section */

/* Begin PBXVariantGroup section */
		C9AC152D2C9B18B3008EA485 /* Main.storyboard */ = {
			isa = PBXVariantGroup;
			children = (
				C9AC152E2C9B18B3008EA485 /* Base */,
			);
			name = Main.storyboard;
			sourceTree = "<group>";
		};
		C9AC15322C9B18B5008EA485 /* LaunchScreen.storyboard */ = {
			isa = PBXVariantGroup;
			children = (
				C9AC15332C9B18B5008EA485 /* Base */,
			);
			name = LaunchScreen.storyboard;
			sourceTree = "<group>";
		};
/* End PBXVariantGroup section */

/* Begin XCBuildConfiguration section */
		C9AC15362C9B18B5008EA485 /* Debug */ = {
			isa = XCBuildConfiguration;
			buildSettings = {
				ALWAYS_SEARCH_USER_PATHS = NO;
				ASSETCATALOG_COMPILER_GENERATE_SWIFT_ASSET_SYMBOL_EXTENSIONS = YES;
				CLANG_ANALYZER_NONNULL = YES;
				CLANG_ANALYZER_NUMBER_OBJECT_CONVERSION = YES_AGGRESSIVE;
				CLANG_CXX_LANGUAGE_STANDARD = "gnu++20";
				CLANG_ENABLE_MODULES = YES;
				CLANG_ENABLE_OBJC_ARC = YES;
				CLANG_ENABLE_OBJC_WEAK = YES;
				CLANG_WARN_BLOCK_CAPTURE_AUTORELEASING = YES;
				CLANG_WARN_BOOL_CONVERSION = YES;
				CLANG_WARN_COMMA = YES;
				CLANG_WARN_CONSTANT_CONVERSION = YES;
				CLANG_WARN_DEPRECATED_OBJC_IMPLEMENTATIONS = YES;
				CLANG_WARN_DIRECT_OBJC_ISA_USAGE = YES_ERROR;
				CLANG_WARN_DOCUMENTATION_COMMENTS = YES;
				CLANG_WARN_EMPTY_BODY = YES;
				CLANG_WARN_ENUM_CONVERSION = YES;
				CLANG_WARN_INFINITE_RECURSION = YES;
				CLANG_WARN_INT_CONVERSION = YES;
				CLANG_WARN_NON_LITERAL_NULL_CONVERSION = YES;
				CLANG_WARN_OBJC_IMPLICIT_RETAIN_SELF = YES;
				CLANG_WARN_OBJC_LITERAL_CONVERSION = YES;
				CLANG_WARN_OBJC_ROOT_CLASS = YES_ERROR;
				CLANG_WARN_QUOTED_INCLUDE_IN_FRAMEWORK_HEADER = YES;
				CLANG_WARN_RANGE_LOOP_ANALYSIS = YES;
				CLANG_WARN_STRICT_PROTOTYPES = YES;
				CLANG_WARN_SUSPICIOUS_MOVE = YES;
				CLANG_WARN_UNGUARDED_AVAILABILITY = YES_AGGRESSIVE;
				CLANG_WARN_UNREACHABLE_CODE = YES;
				CLANG_WARN__DUPLICATE_METHOD_MATCH = YES;
				COPY_PHASE_STRIP = NO;
				DEBUG_INFORMATION_FORMAT = dwarf;
				ENABLE_STRICT_OBJC_MSGSEND = YES;
				ENABLE_TESTABILITY = YES;
				ENABLE_USER_SCRIPT_SANDBOXING = YES;
				GCC_C_LANGUAGE_STANDARD = gnu17;
				GCC_DYNAMIC_NO_PIC = NO;
				GCC_NO_COMMON_BLOCKS = YES;
				GCC_OPTIMIZATION_LEVEL = 0;
				GCC_PREPROCESSOR_DEFINITIONS = (
					"DEBUG=1",
					"$(inherited)",
				);
				GCC_WARN_64_TO_32_BIT_CONVERSION = YES;
				GCC_WARN_ABOUT_RETURN_TYPE = YES_ERROR;
				GCC_WARN_UNDECLARED_SELECTOR = YES;
				GCC_WARN_UNINITIALIZED_AUTOS = YES_AGGRESSIVE;
				GCC_WARN_UNUSED_FUNCTION = YES;
				GCC_WARN_UNUSED_VARIABLE = YES;
				IPHONEOS_DEPLOYMENT_TARGET = 17.5;
				LOCALIZATION_PREFERS_STRING_CATALOGS = YES;
				MTL_ENABLE_DEBUG_INFO = INCLUDE_SOURCE;
				MTL_FAST_MATH = YES;
				ONLY_ACTIVE_ARCH = YES;
				SDKROOT = iphoneos;
				SWIFT_ACTIVE_COMPILATION_CONDITIONS = "DEBUG $(inherited)";
				SWIFT_OPTIMIZATION_LEVEL = "-Onone";
			};
			name = Debug;
		};
		C9AC15372C9B18B5008EA485 /* Release */ = {
			isa = XCBuildConfiguration;
			buildSettings = {
				ALWAYS_SEARCH_USER_PATHS = NO;
				ASSETCATALOG_COMPILER_GENERATE_SWIFT_ASSET_SYMBOL_EXTENSIONS = YES;
				CLANG_ANALYZER_NONNULL = YES;
				CLANG_ANALYZER_NUMBER_OBJECT_CONVERSION = YES_AGGRESSIVE;
				CLANG_CXX_LANGUAGE_STANDARD = "gnu++20";
				CLANG_ENABLE_MODULES = YES;
				CLANG_ENABLE_OBJC_ARC = YES;
				CLANG_ENABLE_OBJC_WEAK = YES;
				CLANG_WARN_BLOCK_CAPTURE_AUTORELEASING = YES;
				CLANG_WARN_BOOL_CONVERSION = YES;
				CLANG_WARN_COMMA = YES;
				CLANG_WARN_CONSTANT_CONVERSION = YES;
				CLANG_WARN_DEPRECATED_OBJC_IMPLEMENTATIONS = YES;
				CLANG_WARN_DIRECT_OBJC_ISA_USAGE = YES_ERROR;
				CLANG_WARN_DOCUMENTATION_COMMENTS = YES;
				CLANG_WARN_EMPTY_BODY = YES;
				CLANG_WARN_ENUM_CONVERSION = YES;
				CLANG_WARN_INFINITE_RECURSION = YES;
				CLANG_WARN_INT_CONVERSION = YES;
				CLANG_WARN_NON_LITERAL_NULL_CONVERSION = YES;
				CLANG_WARN_OBJC_IMPLICIT_RETAIN_SELF = YES;
				CLANG_WARN_OBJC_LITERAL_CONVERSION = YES;
				CLANG_WARN_OBJC_ROOT_CLASS = YES_ERROR;
				CLANG_WARN_QUOTED_INCLUDE_IN_FRAMEWORK_HEADER = YES;
				CLANG_WARN_RANGE_LOOP_ANALYSIS = YES;
				CLANG_WARN_STRICT_PROTOTYPES = YES;
				CLANG_WARN_SUSPICIOUS_MOVE = YES;
				CLANG_WARN_UNGUARDED_AVAILABILITY = YES_AGGRESSIVE;
				CLANG_WARN_UNREACHABLE_CODE = YES;
				CLANG_WARN__DUPLICATE_METHOD_MATCH = YES;
				COPY_PHASE_STRIP = NO;
				DEBUG_INFORMATION_FORMAT = "dwarf-with-dsym";
				ENABLE_NS_ASSERTIONS = NO;
				ENABLE_STRICT_OBJC_MSGSEND = YES;
				ENABLE_USER_SCRIPT_SANDBOXING = YES;
				GCC_C_LANGUAGE_STANDARD = gnu17;
				GCC_NO_COMMON_BLOCKS = YES;
				GCC_WARN_64_TO_32_BIT_CONVERSION = YES;
				GCC_WARN_ABOUT_RETURN_TYPE = YES_ERROR;
				GCC_WARN_UNDECLARED_SELECTOR = YES;
				GCC_WARN_UNINITIALIZED_AUTOS = YES_AGGRESSIVE;
				GCC_WARN_UNUSED_FUNCTION = YES;
				GCC_WARN_UNUSED_VARIABLE = YES;
				IPHONEOS_DEPLOYMENT_TARGET = 17.5;
				LOCALIZATION_PREFERS_STRING_CATALOGS = YES;
				MTL_ENABLE_DEBUG_INFO = NO;
				MTL_FAST_MATH = YES;
				SDKROOT = iphoneos;
				SWIFT_COMPILATION_MODE = wholemodule;
				VALIDATE_PRODUCT = YES;
			};
			name = Release;
		};
		C9AC15392C9B18B5008EA485 /* Debug */ = {
			isa = XCBuildConfiguration;
			buildSettings = {
				ASSETCATALOG_COMPILER_APPICON_NAME = AppIcon;
				ASSETCATALOG_COMPILER_GLOBAL_ACCENT_COLOR_NAME = AccentColor;
				CODE_SIGN_STYLE = Automatic;
				CURRENT_PROJECT_VERSION = 1;
				DEVELOPMENT_TEAM = FJ42WF89B8;
				GENERATE_INFOPLIST_FILE = YES;
				INFOPLIST_FILE = EmployeeDisplayApp/Info.plist;
				INFOPLIST_KEY_UIApplicationSupportsIndirectInputEvents = YES;
				INFOPLIST_KEY_UILaunchStoryboardName = LaunchScreen;
				INFOPLIST_KEY_UIMainStoryboardFile = Main;
				INFOPLIST_KEY_UISupportedInterfaceOrientations_iPad = "UIInterfaceOrientationPortrait UIInterfaceOrientationPortraitUpsideDown UIInterfaceOrientationLandscapeLeft UIInterfaceOrientationLandscapeRight";
				INFOPLIST_KEY_UISupportedInterfaceOrientations_iPhone = "UIInterfaceOrientationPortrait UIInterfaceOrientationLandscapeLeft UIInterfaceOrientationLandscapeRight";
				IPHONEOS_DEPLOYMENT_TARGET = 17.0;
				LD_RUNPATH_SEARCH_PATHS = (
					"$(inherited)",
					"@executable_path/Frameworks",
				);
				MARKETING_VERSION = 1.0;
				PRODUCT_BUNDLE_IDENTIFIER = com.example.moradd.EmployeeDisplayApp;
				PRODUCT_NAME = "$(TARGET_NAME)";
				SWIFT_EMIT_LOC_STRINGS = YES;
				SWIFT_VERSION = 5.0;
				TARGETED_DEVICE_FAMILY = "1,2";
			};
			name = Debug;
		};
		C9AC153A2C9B18B5008EA485 /* Release */ = {
			isa = XCBuildConfiguration;
			buildSettings = {
				ASSETCATALOG_COMPILER_APPICON_NAME = AppIcon;
				ASSETCATALOG_COMPILER_GLOBAL_ACCENT_COLOR_NAME = AccentColor;
				CODE_SIGN_STYLE = Automatic;
				CURRENT_PROJECT_VERSION = 1;
				DEVELOPMENT_TEAM = FJ42WF89B8;
				GENERATE_INFOPLIST_FILE = YES;
				INFOPLIST_FILE = EmployeeDisplayApp/Info.plist;
				INFOPLIST_KEY_UIApplicationSupportsIndirectInputEvents = YES;
				INFOPLIST_KEY_UILaunchStoryboardName = LaunchScreen;
				INFOPLIST_KEY_UIMainStoryboardFile = Main;
				INFOPLIST_KEY_UISupportedInterfaceOrientations_iPad = "UIInterfaceOrientationPortrait UIInterfaceOrientationPortraitUpsideDown UIInterfaceOrientationLandscapeLeft UIInterfaceOrientationLandscapeRight";
				INFOPLIST_KEY_UISupportedInterfaceOrientations_iPhone = "UIInterfaceOrientationPortrait UIInterfaceOrientationLandscapeLeft UIInterfaceOrientationLandscapeRight";
				IPHONEOS_DEPLOYMENT_TARGET = 17.0;
				LD_RUNPATH_SEARCH_PATHS = (
					"$(inherited)",
					"@executable_path/Frameworks",
				);
				MARKETING_VERSION = 1.0;
				PRODUCT_BUNDLE_IDENTIFIER = com.example.moradd.EmployeeDisplayApp;
				PRODUCT_NAME = "$(TARGET_NAME)";
				SWIFT_EMIT_LOC_STRINGS = YES;
				SWIFT_VERSION = 5.0;
				TARGETED_DEVICE_FAMILY = "1,2";
			};
			name = Release;
		};
/* End XCBuildConfiguration section */

/* Begin XCConfigurationList section */
		C9AC151F2C9B18B3008EA485 /* Build configuration list for PBXProject "EmployeeDisplayApp" */ = {
			isa = XCConfigurationList;
			buildConfigurations = (
				C9AC15362C9B18B5008EA485 /* Debug */,
				C9AC15372C9B18B5008EA485 /* Release */,
			);
			defaultConfigurationIsVisible = 0;
			defaultConfigurationName = Release;
		};
		C9AC15382C9B18B5008EA485 /* Build configuration list for PBXNativeTarget "EmployeeDisplayApp" */ = {
			isa = XCConfigurationList;
			buildConfigurations = (
				C9AC15392C9B18B5008EA485 /* Debug */,
				C9AC153A2C9B18B5008EA485 /* Release */,
			);
			defaultConfigurationIsVisible = 0;
			defaultConfigurationName = Release;
		};
/* End XCConfigurationList section */
	};
	rootObject = C9AC151C2C9B18B3008EA485 /* Project object */;
}
